Categories:
  - Time
License: Apache-2.0
SourceCode: https://github.com/serejaishkin/alarm-sync-wear
IssueTracker: https://github.com/serejaishkin/alarm-sync-wear/issues
Changelog: https://github.com/serejaishkin/alarm-sync-wear/blob/main/CHANGELOG.md

AutoName: AlarmClockXtreme
Summary: Feature-rich alarm clock with challenges, weather, and bedtime tools
Description: |-
  AlarmClockXtreme is an open-source alarm clock with exact scheduling,
  30 dismiss challenges, smart wake features, timers, stopwatch, weather,
  public-holiday skips, calendar-assisted alarms, bedtime tools, widgets,
  local statistics, and full backup/restore.
  Rotating shift patterns can gate alarms through DDNNO, 4-on-4-off, Panama,
  DuPont, and Pitman cycles entirely on device.

  No ads, no analytics, no tracking, and no accounts required. The F-Droid
  flavor excludes the Play-only YouTube downloader, Wear OS Data Layer
  bridge, Health Connect SDK path, and ML Kit handwriting recognizer.
  Chronotype estimates store only five local preference answers and derive
  bedtime/wake timing on device.
  Pre-sleep factor tags store caffeine/exercise/alcohol/stress flags locally
  for 30 days and compare them with local restlessness summaries on device.
  Sonar sleep tracking stores compact movement and loud sleep-sound metadata
  locally for 30 days and never saves raw audio.
  Bedtime room-noise baselines store only a quiet/moderate/loud label plus
  timestamp, exclude that label from backup, and never save raw audio.
  Crash logs are capped local files in app-private storage, excluded from
  backups, and never uploaded automatically; they leave the device only if
  you explicitly export a support bundle.

RepoType: git
Repo: https://github.com/serejaishkin/alarm-sync-wear.git

Builds:
  - versionName: 1.15.33
    versionCode: 135
    commit: v1.15.33
    subdir: app
    gradle:
      - fdroid

AntiFeatures:
  NonFreeNet:
    en-US: |-
      Optional features can contact third-party network services, including
      Open-Meteo weather and air quality, Nager.Date public holidays,
      api.weather.gov alerts, Windy radar, public RSS feeds, user-configured
      webhooks, internet radio streams, and a local Philips Hue bridge.
      Local crash logs do not use network access and are never uploaded by
      the app.

AutoUpdateMode: Version
UpdateCheckMode: Tags
CurrentVersion: 1.15.33
CurrentVersionCode: 135
